// !$*UTF8*$!
{
	archiveVersion = 1;
	classes = {
	};
	objectVersion = 50;
	objects = {

/* Begin PBXBuildFile section */
		48A2C5D823CA16F9007E5ACB /* AppDelegate.swift in Sources */ = {isa = PBXBuildFile; fileRef = 48A2C5D723CA16F9007E5ACB /* AppDelegate.swift */; };
		48A2C5DA23CA16F9007E5ACB /* SceneDelegate.swift in Sources */ = {isa = PBXBuildFile; fileRef = 48A2C5D923CA16F9007E5ACB /* SceneDelegate.swift */; };
		48A2C5DC23CA16F9007E5ACB /* ViewController.swift in Sources */ = {isa = PBXBuildFile; fileRef = 48A2C5DB23CA16F9007E5ACB /* ViewController.swift */; };
		48A2C5DF23CA16F9007E5ACB /* Main.storyboard in Resources */ = {isa = PBXBuildFile; fileRef = 48A2C5DD23CA16F9007E5ACB /* Main.storyboard */; };
		48A2C5E223CA16F9007E5ACB /* DCatalog.xcdatamodeld in Sources */ = {isa = PBXBuildFile; fileRef = 48A2C5E023CA16F9007E5ACB /* DCatalog.xcdatamodeld */; };
		48A2C5E423CA16FB007E5ACB /* Assets.xcassets in Resources */ = {isa = PBXBuildFile; fileRef = 48A2C5E323CA16FB007E5ACB /* Assets.xcassets */; };
		48A2C5E723CA16FB007E5ACB /* LaunchScreen.storyboard in Resources */ = {isa = PBXBuildFile; fileRef = 48A2C5E523CA16FB007E5ACB /* LaunchScreen.storyboard */; };
		48A2C5F223CA16FB007E5ACB /* DCatalogTests.swift in Sources */ = {isa = PBXBuildFile; fileRef = 48A2C5F123CA16FB007E5ACB /* DCatalogTests.swift */; };
/* End PBXBuildFile section */

/* Begin PBXContainerItemProxy section */
		48A2C5EE23CA16FB007E5ACB /* PBXContainerItemProxy */ = {
			isa = PBXContainerItemProxy;
			containerPortal = 48A2C5CC23CA16F9007E5ACB /* Project object */;
			proxyType = 1;
			remoteGlobalIDString = 48A2C5D323CA16F9007E5ACB;
			remoteInfo = DCatalog;
		};
/* End PBXContainerItemProxy section */

/* Begin PBXFileReference section */
		48A2C5D423CA16F9007E5ACB /* DCatalog.app */ = {isa = PBXFileReference; explicitFileType = wrapper.application; includeInIndex = 0; path = DCatalog.app; sourceTree = BUILT_PRODUCTS_DIR; };
		48A2C5D723CA16F9007E5ACB /* AppDelegate.swift */ = {isa = PBXFileReference; lastKnownFileType = sourcecode.swift; path = AppDelegate.swift; sourceTree = "<group>"; };
		48A2C5D923CA16F9007E5ACB /* SceneDelegate.swift */ = {isa = PBXFileReference; lastKnownFileType = sourcecode.swift; path = SceneDelegate.swift; sourceTree = "<group>"; };
		48A2C5DB23CA16F9007E5ACB /* ViewController.swift */ = {isa = PBXFileReference; lastKnownFileType = sourcecode.swift; path = ViewController.swift; sourceTree = "<group>"; };
		48A2C5DE23CA16F9007E5ACB /* Base */ = {isa = PBXFileReference; lastKnownFileType = file.storyboard; name = Base; path = Base.lproj/Main.storyboard; sourceTree = "<group>"; };
		48A2C5E123CA16F9007E5ACB /* DCatalog.xcdatamodel */ = {isa = PBXFileReference; lastKnownFileType = wrapper.xcdatamodel; path = DCatalog.xcdatamodel; sourceTree = "<group>"; };
		48A2C5E323CA16FB007E5ACB /* Assets.xcassets */ = {isa = PBXFileReference; lastKnownFileType = folder.assetcatalog; path = Assets.xcassets; sourceTree = "<group>"; };
		48A2C5E623CA16FB007E5ACB /* Base */ = {isa = PBXFileReference; lastKnownFileType = file.storyboard; name = Base; path = Base.lproj/LaunchScreen.storyboard; sourceTree = "<group>"; };
		48A2C5E823CA16FB007E5ACB /* Info.plist */ = {isa = PBXFileReference; lastKnownFileType = text.plist.xml; path = Info.plist; sourceTree = "<group>"; };
		48A2C5ED23CA16FB007E5ACB /* DCatalogTests.xctest */ = {isa = PBXFileReference; explicitFileType = wrapper.cfbundle; includeInIndex = 0; path = DCatalogTests.xctest; sourceTree = BUILT_PRODUCTS_DIR; };
		48A2C5F123CA16FB007E5ACB /* DCatalogTests.swift */ = {isa = PBXFileReference; lastKnownFileType = sourcecode.swift; path = DCatalogTests.swift; sourceTree = "<group>"; };
		48A2C5F323CA16FB007E5ACB /* Info.plist */ = {isa = PBXFileReference; lastKnownFileType = text.plist.xml; path = Info.plist; sourceTree = "<group>"; };
/* End PBXFileReference section */

/* Begin PBXFrameworksBuildPhase section */
		48A2C5D123CA16F9007E5ACB /* Frameworks */ = {
			isa = PBXFrameworksBuildPhase;
			buildActionMask = 2147483647;
			files = (
			);
			runOnlyForDeploymentPostprocessing = 0;
		};
		48A2C5EA23CA16FB007E5ACB /* Frameworks */ = {
			isa = PBXFrameworksBuildPhase;
			buildActionMask = 2147483647;
			files = (
			);
			runOnlyForDeploymentPostprocessing = 0;
		};
/* End PBXFrameworksBuildPhase section */

/* Begin PBXGroup section */
		48A2C5CB23CA16F9007E5ACB = {
			isa = PBXGroup;
			children = (
				48A2C5D623CA16F9007E5ACB /* DCatalog */,
				48A2C5F023CA16FB007E5ACB /* DCatalogTests */,
				48A2C5D523CA16F9007E5ACB /* Products */,
			);
			sourceTree = "<group>";
		};
		48A2C5D523CA16F9007E5ACB /* Products */ = {
			isa = PBXGroup;
			children = (
				48A2C5D423CA16F9007E5ACB /* DCatalog.app */,
				48A2C5ED23CA16FB007E5ACB /* DCatalogTests.xctest */,
			);
			name = Products;
			sourceTree = "<group>";
		};
		48A2C5D623CA16F9007E5ACB /* DCatalog */ = {
			isa = PBXGroup;
			children = (
				48A2C5D723CA16F9007E5ACB /* AppDelegate.swift */,
				48A2C5D923CA16F9007E5ACB /* SceneDelegate.swift */,
				48A2C5DB23CA16F9007E5ACB /* ViewController.swift */,
				48A2C5DD23CA16F9007E5ACB /* Main.storyboard */,
				48A2C5E323CA16FB007E5ACB /* Assets.xcassets */,
				48A2C5E523CA16FB007E5ACB /* LaunchScreen.storyboard */,
				48A2C5E823CA16FB007E5ACB /* Info.plist */,
				48A2C5E023CA16F9007E5ACB /* DCatalog.xcdatamodeld */,
			);
			path = DCatalog;
			sourceTree = "<group>";
		};
		48A2C5F023CA16FB007E5ACB /* DCatalogTests */ = {
			isa = PBXGroup;
			children = (
				48A2C5F123CA16FB007E5ACB /* DCatalogTests.swift */,
				48A2C5F323CA16FB007E5ACB /* Info.plist */,
			);
			path = DCatalogTests;
			sourceTree = "<group>";
		};
/* End PBXGroup section */

/* Begin PBXNativeTarget section */
		48A2C5D323CA16F9007E5ACB /* DCatalog */ = {
			isa = PBXNativeTarget;
			buildConfigurationList = 48A2C5F623CA16FB007E5ACB /* Build configuration list for PBXNativeTarget "DCatalog" */;
			buildPhases = (
				48A2C5D023CA16F9007E5ACB /* Sources */,
				48A2C5D123CA16F9007E5ACB /* Frameworks */,
				48A2C5D223CA16F9007E5ACB /* Resources */,
			);
			buildRules = (
			);
			dependencies = (
			);
			name = DCatalog;
			productName = DCatalog;
			productReference = 48A2C5D423CA16F9007E5ACB /* DCatalog.app */;
			productType = "com.apple.product-type.application";
		};
		48A2C5EC23CA16FB007E5ACB /* DCatalogTests */ = {
			isa = PBXNativeTarget;
			buildConfigurationList = 48A2C5F923CA16FB007E5ACB /* Build configuration list for PBXNativeTarget "DCatalogTests" */;
			buildPhases = (
				48A2C5E923CA16FB007E5ACB /* Sources */,
				48A2C5EA23CA16FB007E5ACB /* Frameworks */,
				48A2C5EB23CA16FB007E5ACB /* Resources */,
			);
			buildRules = (
			);
			dependencies = (
				48A2C5EF23CA16FB007E5ACB /* PBXTargetDependency */,
			);
			name = DCatalogTests;
			productName = DCatalogTests;
			productReference = 48A2C5ED23CA16FB007E5ACB /* DCatalogTests.xctest */;
			productType = "com.apple.product-type.bundle.unit-test";
		};
/* End PBXNativeTarget section */

/* Begin PBXProject section */
		48A2C5CC23CA16F9007E5ACB /* Project object */ = {
			isa = PBXProject;
			attributes = {
				LastSwiftUpdateCheck = 1120;
				LastUpgradeCheck = 1120;
				ORGANIZATIONNAME = "Digidentity B.V.";
				TargetAttributes = {
					48A2C5D323CA16F9007E5ACB = {
						CreatedOnToolsVersion = 11.2.1;
					};
					48A2C5EC23CA16FB007E5ACB = {
						CreatedOnToolsVersion = 11.2.1;
						TestTargetID = 48A2C5D323CA16F9007E5ACB;
					};
				};
			};
			buildConfigurationList = 48A2C5CF23CA16F9007E5ACB /* Build configuration list for PBXProject "DCatalog" */;
			compatibilityVersion = "Xcode 9.3";
			developmentRegion = en;
			hasScannedForEncodings = 0;
			knownRegions = (
				en,
				Base,
			);
			mainGroup = 48A2C5CB23CA16F9007E5ACB;
			productRefGroup = 48A2C5D523CA16F9007E5ACB /* Products */;
			projectDirPath = "";
			projectRoot = "";
			targets = (
				48A2C5D323CA16F9007E5ACB /* DCatalog */,
				48A2C5EC23CA16FB007E5ACB /* DCatalogTests */,
			);
		};
/* End PBXProject section */

/* Begin PBXResourcesBuildPhase section */
		48A2C5D223CA16F9007E5ACB /* Resources */ = {
			isa = PBXResourcesBuildPhase;
			buildActionMask = 2147483647;
			files = (
				48A2C5E723CA16FB007E5ACB /* LaunchScreen.storyboard in Resources */,
				48A2C5E423CA16FB007E5ACB /* Assets.xcassets in Resources */,
				48A2C5DF23CA16F9007E5ACB /* Main.storyboard in Resources */,
			);
			runOnlyForDeploymentPostprocessing = 0;
		};
		48A2C5EB23CA16FB007E5ACB /* Resources */ = {
			isa = PBXResourcesBuildPhase;
			buildActionMask = 2147483647;
			files = (
			);
			runOnlyForDeploymentPostprocessing = 0;
		};
/* End PBXResourcesBuildPhase section */

/* Begin PBXSourcesBuildPhase section */
		48A2C5D023CA16F9007E5ACB /* Sources */ = {
			isa = PBXSourcesBuildPhase;
			buildActionMask = 2147483647;
			files = (
				48A2C5E223CA16F9007E5ACB /* DCatalog.xcdatamodeld in Sources */,
				48A2C5DC23CA16F9007E5ACB /* ViewController.swift in Sources */,
				48A2C5D823CA16F9007E5ACB /* AppDelegate.swift in Sources */,
				48A2C5DA23CA16F9007E5ACB /* SceneDelegate.swift in Sources */,
			);
			runOnlyForDeploymentPostprocessing = 0;
		};
		48A2C5E923CA16FB007E5ACB /* Sources */ = {
			isa = PBXSourcesBuildPhase;
			buildActionMask = 2147483647;
			files = (
				48A2C5F223CA16FB007E5ACB /* DCatalogTests.swift in Sources */,
			);
			runOnlyForDeploymentPostprocessing = 0;
		};
/* End PBXSourcesBuildPhase section */

/* Begin PBXTargetDependency section */
		48A2C5EF23CA16FB007E5ACB /* PBXTargetDependency */ = {
			isa = PBXTargetDependency;
			target = 48A2C5D323CA16F9007E5ACB /* DCatalog */;
			targetProxy = 48A2C5EE23CA16FB007E5ACB /* PBXContainerItemProxy */;
		};
/* End PBXTargetDependency section */

/* Begin PBXVariantGroup section */
		48A2C5DD23CA16F9007E5ACB /* Main.storyboard */ = {
			isa = PBXVariantGroup;
			children = (
				48A2C5DE23CA16F9007E5ACB /* Base */,
			);
			name = Main.storyboard;
			sourceTree = "<group>";
		};
		48A2C5E523CA16FB007E5ACB /* LaunchScreen.storyboard */ = {
			isa = PBXVariantGroup;
			children = (
				48A2C5E623CA16FB007E5ACB /* Base */,
			);
			name = LaunchScreen.storyboard;
			sourceTree = "<group>";
		};
/* End PBXVariantGroup section */

/* Begin XCBuildConfiguration section */
		48A2C5F423CA16FB007E5ACB /* Debug */ = {
			isa = XCBuildConfiguration;
			buildSettings = {
				ALWAYS_SEARCH_USER_PATHS = NO;
				CLANG_ANALYZER_NONNULL = YES;
				CLANG_ANALYZER_NUMBER_OBJECT_CONVERSION = YES_AGGRESSIVE;
				CLANG_CXX_LANGUAGE_STANDARD = "gnu++14";
				CLANG_CXX_LIBRARY = "libc++";
				CLANG_ENABLE_MODULES = YES;
				CLANG_ENABLE_OBJC_ARC = YES;
				CLANG_ENABLE_OBJC_WEAK = YES;
				CLANG_WARN_BLOCK_CAPTURE_AUTORELEASING = YES;
				CLANG_WARN_BOOL_CONVERSION = YES;
				CLANG_WARN_COMMA = YES;
				CLANG_WARN_CONSTANT_CONVERSION = YES;
				CLANG_WARN_DEPRECATED_OBJC_IMPLEMENTATIONS = YES;
				CLANG_WARN_DIRECT_OBJC_ISA_USAGE = YES_ERROR;
				CLANG_WARN_DOCUMENTATION_COMMENTS = YES;
				CLANG_WARN_EMPTY_BODY = YES;
				CLANG_WARN_ENUM_CONVERSION = YES;
				CLANG_WARN_INFINITE_RECURSION = YES;
				CLANG_WARN_INT_CONVERSION = YES;
				CLANG_WARN_NON_LITERAL_NULL_CONVERSION = YES;
				CLANG_WARN_OBJC_IMPLICIT_RETAIN_SELF = YES;
				CLANG_WARN_OBJC_LITERAL_CONVERSION = YES;
				CLANG_WARN_OBJC_ROOT_CLASS = YES_ERROR;
				CLANG_WARN_RANGE_LOOP_ANALYSIS = YES;
				CLANG_WARN_STRICT_PROTOTYPES = YES;
				CLANG_WARN_SUSPICIOUS_MOVE = YES;
				CLANG_WARN_UNGUARDED_AVAILABILITY = YES_AGGRESSIVE;
				CLANG_WARN_UNREACHABLE_CODE = YES;
				CLANG_WARN__DUPLICATE_METHOD_MATCH = YES;
				COPY_PHASE_STRIP = NO;
				DEBUG_INFORMATION_FORMAT = dwarf;
				ENABLE_STRICT_OBJC_MSGSEND = YES;
				ENABLE_TESTABILITY = YES;
				GCC_C_LANGUAGE_STANDARD = gnu11;
				GCC_DYNAMIC_NO_PIC = NO;
				GCC_NO_COMMON_BLOCKS = YES;
				GCC_OPTIMIZATION_LEVEL = 0;
				GCC_PREPROCESSOR_DEFINITIONS = (
					"DEBUG=1",
					"$(inherited)",
				);
				GCC_WARN_64_TO_32_BIT_CONVERSION = YES;
				GCC_WARN_ABOUT_RETURN_TYPE = YES_ERROR;
				GCC_WARN_UNDECLARED_SELECTOR = YES;
				GCC_WARN_UNINITIALIZED_AUTOS = YES_AGGRESSIVE;
				GCC_WARN_UNUSED_FUNCTION = YES;
				GCC_WARN_UNUSED_VARIABLE = YES;
				IPHONEOS_DEPLOYMENT_TARGET = 13.2;
				MTL_ENABLE_DEBUG_INFO = INCLUDE_SOURCE;
				MTL_FAST_MATH = YES;
				ONLY_ACTIVE_ARCH = YES;
				SDKROOT = iphoneos;
				SWIFT_ACTIVE_COMPILATION_CONDITIONS = DEBUG;
				SWIFT_OPTIMIZATION_LEVEL = "-Onone";
			};
			name = Debug;
		};
		48A2C5F523CA16FB007E5ACB /* Release */ = {
			isa = XCBuildConfiguration;
			buildSettings = {
				ALWAYS_SEARCH_USER_PATHS = NO;
				CLANG_ANALYZER_NONNULL = YES;
				CLANG_ANALYZER_NUMBER_OBJECT_CONVERSION = YES_AGGRESSIVE;
				CLANG_CXX_LANGUAGE_STANDARD = "gnu++14";
				CLANG_CXX_LIBRARY = "libc++";
				CLANG_ENABLE_MODULES = YES;
				CLANG_ENABLE_OBJC_ARC = YES;
				CLANG_ENABLE_OBJC_WEAK = YES;
				CLANG_WARN_BLOCK_CAPTURE_AUTORELEASING = YES;
				CLANG_WARN_BOOL_CONVERSION = YES;
				CLANG_WARN_COMMA = YES;
				CLANG_WARN_CONSTANT_CONVERSION = YES;
				CLANG_WARN_DEPRECATED_OBJC_IMPLEMENTATIONS = YES;
				CLANG_WARN_DIRECT_OBJC_ISA_USAGE = YES_ERROR;
				CLANG_WARN_DOCUMENTATION_COMMENTS = YES;
				CLANG_WARN_EMPTY_BODY = YES;
				CLANG_WARN_ENUM_CONVERSION = YES;
				CLANG_WARN_INFINITE_RECURSION = YES;
				CLANG_WARN_INT_CONVERSION = YES;
				CLANG_WARN_NON_LITERAL_NULL_CONVERSION = YES;
				CLANG_WARN_OBJC_IMPLICIT_RETAIN_SELF = YES;
				CLANG_WARN_OBJC_LITERAL_CONVERSION = YES;
				CLANG_WARN_OBJC_ROOT_CLASS = YES_ERROR;
				CLANG_WARN_RANGE_LOOP_ANALYSIS = YES;
				CLANG_WARN_STRICT_PROTOTYPES = YES;
				CLANG_WARN_SUSPICIOUS_MOVE = YES;
				CLANG_WARN_UNGUARDED_AVAILABILITY = YES_AGGRESSIVE;
				CLANG_WARN_UNREACHABLE_CODE = YES;
				CLANG_WARN__DUPLICATE_METHOD_MATCH = YES;
				COPY_PHASE_STRIP = NO;
				DEBUG_INFORMATION_FORMAT = "dwarf-with-dsym";
				ENABLE_NS_ASSERTIONS = NO;
				ENABLE_STRICT_OBJC_MSGSEND = YES;
				GCC_C_LANGUAGE_STANDARD = gnu11;
				GCC_NO_COMMON_BLOCKS = YES;
				GCC_WARN_64_TO_32_BIT_CONVERSION = YES;
				GCC_WARN_ABOUT_RETURN_TYPE = YES_ERROR;
				GCC_WARN_UNDECLARED_SELECTOR = YES;
				GCC_WARN_UNINITIALIZED_AUTOS = YES_AGGRESSIVE;
				GCC_WARN_UNUSED_FUNCTION = YES;
				GCC_WARN_UNUSED_VARIABLE = YES;
				IPHONEOS_DEPLOYMENT_TARGET = 13.2;
				MTL_ENABLE_DEBUG_INFO = NO;
				MTL_FAST_MATH = YES;
				SDKROOT = iphoneos;
				SWIFT_COMPILATION_MODE = wholemodule;
				SWIFT_OPTIMIZATION_LEVEL = "-O";
				VALIDATE_PRODUCT = YES;
			};
			name = Release;
		};
		48A2C5F723CA16FB007E5ACB /* Debug */ = {
			isa = XCBuildConfiguration;
			buildSettings = {
				ASSETCATALOG_COMPILER_APPICON_NAME = AppIcon;
				CODE_SIGN_STYLE = Automatic;
				DEVELOPMENT_TEAM = WJ6DZV59CU;
				INFOPLIST_FILE = DCatalog/Info.plist;
				LD_RUNPATH_SEARCH_PATHS = (
					"$(inherited)",
					"@executable_path/Frameworks",
				);
				PRODUCT_BUNDLE_IDENTIFIER = com.digidentity.DCatalog;
				PRODUCT_NAME = "$(TARGET_NAME)";
				SWIFT_VERSION = 5.0;
				TARGETED_DEVICE_FAMILY = "1,2";
			};
			name = Debug;
		};
		48A2C5F823CA16FB007E5ACB /* Release */ = {
			isa = XCBuildConfiguration;
			buildSettings = {
				ASSETCATALOG_COMPILER_APPICON_NAME = AppIcon;
				CODE_SIGN_STYLE = Automatic;
				DEVELOPMENT_TEAM = WJ6DZV59CU;
				INFOPLIST_FILE = DCatalog/Info.plist;
				LD_RUNPATH_SEARCH_PATHS = (
					"$(inherited)",
					"@executable_path/Frameworks",
				);
				PRODUCT_BUNDLE_IDENTIFIER = com.digidentity.DCatalog;
				PRODUCT_NAME = "$(TARGET_NAME)";
				SWIFT_VERSION = 5.0;
				TARGETED_DEVICE_FAMILY = "1,2";
			};
			name = Release;
		};
		48A2C5FA23CA16FB007E5ACB /* Debug */ = {
			isa = XCBuildConfiguration;
			buildSettings = {
				ALWAYS_EMBED_SWIFT_STANDARD_LIBRARIES = YES;
				BUNDLE_LOADER = "$(TEST_HOST)";
				CODE_SIGN_STYLE = Automatic;
				DEVELOPMENT_TEAM = WJ6DZV59CU;
				INFOPLIST_FILE = DCatalogTests/Info.plist;
				IPHONEOS_DEPLOYMENT_TARGET = 13.2;
				LD_RUNPATH_SEARCH_PATHS = (
					"$(inherited)",
					"@executable_path/Frameworks",
					"@loader_path/Frameworks",
				);
				PRODUCT_BUNDLE_IDENTIFIER = com.digidentity.DCatalogTests;
				PRODUCT_NAME = "$(TARGET_NAME)";
				SWIFT_VERSION = 5.0;
				TARGETED_DEVICE_FAMILY = "1,2";
				TEST_HOST = "$(BUILT_PRODUCTS_DIR)/DCatalog.app/DCatalog";
			};
			name = Debug;
		};
		48A2C5FB23CA16FB007E5ACB /* Release */ = {
			isa = XCBuildConfiguration;
			buildSettings = {
				ALWAYS_EMBED_SWIFT_STANDARD_LIBRARIES = YES;
				BUNDLE_LOADER = "$(TEST_HOST)";
				CODE_SIGN_STYLE = Automatic;
				DEVELOPMENT_TEAM = WJ6DZV59CU;
				INFOPLIST_FILE = DCatalogTests/Info.plist;
				IPHONEOS_DEPLOYMENT_TARGET = 13.2;
				LD_RUNPATH_SEARCH_PATHS = (
					"$(inherited)",
					"@executable_path/Frameworks",
					"@loader_path/Frameworks",
				);
				PRODUCT_BUNDLE_IDENTIFIER = com.digidentity.DCatalogTests;
				PRODUCT_NAME = "$(TARGET_NAME)";
				SWIFT_VERSION = 5.0;
				TARGETED_DEVICE_FAMILY = "1,2";
				TEST_HOST = "$(BUILT_PRODUCTS_DIR)/DCatalog.app/DCatalog";
			};
			name = Release;
		};
/* End XCBuildConfiguration section */

/* Begin XCConfigurationList section */
		48A2C5CF23CA16F9007E5ACB /* Build configuration list for PBXProject "DCatalog" */ = {
			isa = XCConfigurationList;
			buildConfigurations = (
				48A2C5F423CA16FB007E5ACB /* Debug */,
				48A2C5F523CA16FB007E5ACB /* Release */,
			);
			defaultConfigurationIsVisible = 0;
			defaultConfigurationName = Release;
		};
		48A2C5F623CA16FB007E5ACB /* Build configuration list for PBXNativeTarget "DCatalog" */ = {
			isa = XCConfigurationList;
			buildConfigurations = (
				48A2C5F723CA16FB007E5ACB /* Debug */,
				48A2C5F823CA16FB007E5ACB /* Release */,
			);
			defaultConfigurationIsVisible = 0;
			defaultConfigurationName = Release;
		};
		48A2C5F923CA16FB007E5ACB /* Build configuration list for PBXNativeTarget "DCatalogTests" */ = {
			isa = XCConfigurationList;
			buildConfigurations = (
				48A2C5FA23CA16FB007E5ACB /* Debug */,
				48A2C5FB23CA16FB007E5ACB /* Release */,
			);
			defaultConfigurationIsVisible = 0;
			defaultConfigurationName = Release;
		};
/* End XCConfigurationList section */

/* Begin XCVersionGroup section */
		48A2C5E023CA16F9007E5ACB /* DCatalog.xcdatamodeld */ = {
			isa = XCVersionGroup;
			children = (
				48A2C5E123CA16F9007E5ACB /* DCatalog.xcdatamodel */,
			);
			currentVersion = 48A2C5E123CA16F9007E5ACB /* DCatalog.xcdatamodel */;
			path = DCatalog.xcdatamodeld;
			sourceTree = "<group>";
			versionGroupType = wrapper.xcdatamodel;
		};
/* End XCVersionGroup section */
	};
	rootObject = 48A2C5CC23CA16F9007E5ACB /* Project object */;
}
